
Microsoft Visual Studio Solution File, Format Version 12.00
# Visual Studio Version 16
VisualStudioVersion = 16.0.31410.357
MinimumVisualStudioVersion = 10.0.40219.1
Project("{FAE04EC0-301F-11D3-BF4B-00C04F79EFBC}") = "Employee_Management", "Employee_Management\Employee_Management.csproj", "{493D9237-43C5-42DE-A33B-26A94BA6D71A}"
EndProject
Global
	GlobalSection(SolutionConfigurationPlatforms) = preSolution
		Debug|Any CPU = Debug|Any CPU
		Release|Any CPU = Release|Any CPU
	EndGlobalSection
	GlobalSection(ProjectConfigurationPlatforms) = postSolution
		{493D9237-43C5-42DE-A33B-26A94BA6D71A}.Debug|Any CPU.ActiveCfg = Debug|Any CPU
		{493D9237-43C5-42DE-A33B-26A94BA6D71A}.Debug|Any CPU.Build.0 = Debug|Any CPU
		{493D9237-43C5-42DE-A33B-26A94BA6D71A}.Release|Any CPU.ActiveCfg = Release|Any CPU
		{493D9237-43C5-42DE-A33B-26A94BA6D71A}.Release|Any CPU.Build.0 = Release|Any CPU
	EndGlobalSection
	GlobalSection(SolutionProperties) = preSolution
		HideSolutionNode = FALSE
	EndGlobalSection
	GlobalSection(ExtensibilityGlobals) = postSolution
		SolutionGuid = {DEAAC4E7-D235-4FF3-B7BE-47B484E39661}
	EndGlobalSection
EndGlobal
